{
    "name": "notenoughupdates",
    "version": "0.0.1",
    "lockfileVersion": 1,
    "requires": true,
    "dependencies": {
        "nbt": {
            "version": "0.8.1",
            "resolved": "https://registry.npmjs.org/nbt/-/nbt-0.8.1.tgz",
            "integrity": "sha512-jUNuLo/SM8vA7uW3pudnXgCOqd2187Vw9jSeyByKJCyGfxW9VIglKcSlBn8pfb/eS95Suv7eyDxvWGSNOK0dMw=="
        },
        "zlib": {
            "version": "1.0.5",
            "resolved": "https://registry.npmjs.org/zlib/-/zlib-1.0.5.tgz",
            "integrity": "sha1-bnyXL8NxxkWmr7A6sUdp3vEU/MA="
        }
    }
}
